// !$*UTF8*$!
{
	archiveVersion = 1;
	classes = {
	};
	objectVersion = 51;
	objects = {

/* Begin PBXBuildFile section */
		B61DF2342547D7190085751E /* AppDelegate.swift in Sources */ = {isa = PBXBuildFile; fileRef = B61DF2332547D7190085751E /* AppDelegate.swift */; };
		B61DF2362547D7190085751E /* SceneDelegate.swift in Sources */ = {isa = PBXBuildFile; fileRef = B61DF2352547D7190085751E /* SceneDelegate.swift */; };
		B61DF2382547D7190085751E /* LoginViewController.swift in Sources */ = {isa = PBXBuildFile; fileRef = B61DF2372547D7190085751E /* LoginViewController.swift */; };
		B61DF23B2547D7190085751E /* Main.storyboard in Resources */ = {isa = PBXBuildFile; fileRef = B61DF2392547D7190085751E /* Main.storyboard */; };
		B61DF23D2547D71B0085751E /* Assets.xcassets in Resources */ = {isa = PBXBuildFile; fileRef = B61DF23C2547D71B0085751E /* Assets.xcassets */; };
		B61DF2402547D71B0085751E /* LaunchScreen.storyboard in Resources */ = {isa = PBXBuildFile; fileRef = B61DF23E2547D71B0085751E /* LaunchScreen.storyboard */; };
		B6D1BA7E2547DD0400CECA47 /* Extensions.swift in Sources */ = {isa = PBXBuildFile; fileRef = B6D1BA7D2547DD0400CECA47 /* Extensions.swift */; };
		B6D1BA822547DD3C00CECA47 /* Constants.swift in Sources */ = {isa = PBXBuildFile; fileRef = B6D1BA812547DD3C00CECA47 /* Constants.swift */; };
		B6D1BA8C254816D200CECA47 /* SignUpViewController.swift in Sources */ = {isa = PBXBuildFile; fileRef = B6D1BA8B254816D200CECA47 /* SignUpViewController.swift */; };
		B6D1BA90254816E300CECA47 /* ForgotPasswordViewController.swift in Sources */ = {isa = PBXBuildFile; fileRef = B6D1BA8F254816E300CECA47 /* ForgotPasswordViewController.swift */; };
		B6D3EB202548665D00EEF95E /* GoogleService-Info.plist in Resources */ = {isa = PBXBuildFile; fileRef = B6D3EB1F2548665D00EEF95E /* GoogleService-Info.plist */; };
		B6D3EB4D2548855600EEF95E /* FirebaseCollectionReference.swift in Sources */ = {isa = PBXBuildFile; fileRef = B6D3EB4C2548855600EEF95E /* FirebaseCollectionReference.swift */; };
		B6D3EB53254885CA00EEF95E /* FirebaseUserListener.swift in Sources */ = {isa = PBXBuildFile; fileRef = B6D3EB52254885CA00EEF95E /* FirebaseUserListener.swift */; };
		B6D3EB582548887E00EEF95E /* User.swift in Sources */ = {isa = PBXBuildFile; fileRef = B6D3EB572548887E00EEF95E /* User.swift */; };
		D8137593E810E686114E9F62 /* Pods_Message_App.framework in Frameworks */ = {isa = PBXBuildFile; fileRef = 2D721E4A1CEAD62446018A38 /* Pods_Message_App.framework */; };
/* End PBXBuildFile section */

/* Begin PBXFileReference section */
		2D721E4A1CEAD62446018A38 /* Pods_Message_App.framework */ = {isa = PBXFileReference; explicitFileType = wrapper.framework; includeInIndex = 0; path = Pods_Message_App.framework; sourceTree = BUILT_PRODUCTS_DIR; };
		527F7BBA47B5B9D1A9B19295 /* Pods-Message App.release.xcconfig */ = {isa = PBXFileReference; includeInIndex = 1; lastKnownFileType = text.xcconfig; name = "Pods-Message App.release.xcconfig"; path = "Target Support Files/Pods-Message App/Pods-Message App.release.xcconfig"; sourceTree = "<group>"; };
		AC2E867B87B7E6F05BEA1317 /* Pods-Message App.debug.xcconfig */ = {isa = PBXFileReference; includeInIndex = 1; lastKnownFileType = text.xcconfig; name = "Pods-Message App.debug.xcconfig"; path = "Target Support Files/Pods-Message App/Pods-Message App.debug.xcconfig"; sourceTree = "<group>"; };
		B61DF2302547D7190085751E /* Message App.app */ = {isa = PBXFileReference; explicitFileType = wrapper.application; includeInIndex = 0; path = "Message App.app"; sourceTree = BUILT_PRODUCTS_DIR; };
		B61DF2332547D7190085751E /* AppDelegate.swift */ = {isa = PBXFileReference; lastKnownFileType = sourcecode.swift; path = AppDelegate.swift; sourceTree = "<group>"; };
		B61DF2352547D7190085751E /* SceneDelegate.swift */ = {isa = PBXFileReference; lastKnownFileType = sourcecode.swift; path = SceneDelegate.swift; sourceTree = "<group>"; };
		B61DF2372547D7190085751E /* LoginViewController.swift */ = {isa = PBXFileReference; lastKnownFileType = sourcecode.swift; path = LoginViewController.swift; sourceTree = "<group>"; };
		B61DF23A2547D7190085751E /* Base */ = {isa = PBXFileReference; lastKnownFileType = file.storyboard; name = Base; path = Base.lproj/Main.storyboard; sourceTree = "<group>"; };
		B61DF23C2547D71B0085751E /* Assets.xcassets */ = {isa = PBXFileReference; lastKnownFileType = folder.assetcatalog; path = Assets.xcassets; sourceTree = "<group>"; };
		B61DF23F2547D71B0085751E /* Base */ = {isa = PBXFileReference; lastKnownFileType = file.storyboard; name = Base; path = Base.lproj/LaunchScreen.storyboard; sourceTree = "<group>"; };
		B61DF2412547D71B0085751E /* Info.plist */ = {isa = PBXFileReference; lastKnownFileType = text.plist.xml; path = Info.plist; sourceTree = "<group>"; };
		B6D1BA7D2547DD0400CECA47 /* Extensions.swift */ = {isa = PBXFileReference; lastKnownFileType = sourcecode.swift; path = Extensions.swift; sourceTree = "<group>"; };
		B6D1BA812547DD3C00CECA47 /* Constants.swift */ = {isa = PBXFileReference; lastKnownFileType = sourcecode.swift; path = Constants.swift; sourceTree = "<group>"; };
		B6D1BA8B254816D200CECA47 /* SignUpViewController.swift */ = {isa = PBXFileReference; lastKnownFileType = sourcecode.swift; path = SignUpViewController.swift; sourceTree = "<group>"; };
		B6D1BA8F254816E300CECA47 /* ForgotPasswordViewController.swift */ = {isa = PBXFileReference; lastKnownFileType = sourcecode.swift; path = ForgotPasswordViewController.swift; sourceTree = "<group>"; };
		B6D3EB1F2548665D00EEF95E /* GoogleService-Info.plist */ = {isa = PBXFileReference; fileEncoding = 4; lastKnownFileType = text.plist.xml; path = "GoogleService-Info.plist"; sourceTree = "<group>"; };
		B6D3EB4C2548855600EEF95E /* FirebaseCollectionReference.swift */ = {isa = PBXFileReference; lastKnownFileType = sourcecode.swift; path = FirebaseCollectionReference.swift; sourceTree = "<group>"; };
		B6D3EB52254885CA00EEF95E /* FirebaseUserListener.swift */ = {isa = PBXFileReference; lastKnownFileType = sourcecode.swift; path = FirebaseUserListener.swift; sourceTree = "<group>"; };
		B6D3EB572548887E00EEF95E /* User.swift */ = {isa = PBXFileReference; lastKnownFileType = sourcecode.swift; path = User.swift; sourceTree = "<group>"; };
/* End PBXFileReference section */

/* Begin PBXFrameworksBuildPhase section */
		B61DF22D2547D7190085751E /* Frameworks */ = {
			isa = PBXFrameworksBuildPhase;
			buildActionMask = 2147483647;
			files = (
				D8137593E810E686114E9F62 /* Pods_Message_App.framework in Frameworks */,
			);
			runOnlyForDeploymentPostprocessing = 0;
		};
/* End PBXFrameworksBuildPhase section */

/* Begin PBXGroup section */
		3F4F927973CEC87AFBEC1B08 /* Pods */ = {
			isa = PBXGroup;
			children = (
				AC2E867B87B7E6F05BEA1317 /* Pods-Message App.debug.xcconfig */,
				527F7BBA47B5B9D1A9B19295 /* Pods-Message App.release.xcconfig */,
			);
			path = Pods;
			sourceTree = "<group>";
		};
		B61DF2272547D7190085751E = {
			isa = PBXGroup;
			children = (
				B61DF2322547D7190085751E /* Message App */,
				B61DF2312547D7190085751E /* Products */,
				3F4F927973CEC87AFBEC1B08 /* Pods */,
				F3FBC753AD5F61CF27EC1A0B /* Frameworks */,
			);
			sourceTree = "<group>";
		};
		B61DF2312547D7190085751E /* Products */ = {
			isa = PBXGroup;
			children = (
				B61DF2302547D7190085751E /* Message App.app */,
			);
			name = Products;
			sourceTree = "<group>";
		};
		B61DF2322547D7190085751E /* Message App */ = {
			isa = PBXGroup;
			children = (
				B6D3EB562548884000EEF95E /* Models */,
				B6D1BA7C2547DCEC00CECA47 /* Ultis */,
				B61DF2332547D7190085751E /* AppDelegate.swift */,
				B61DF2352547D7190085751E /* SceneDelegate.swift */,
				B6D1BA8A2548166D00CECA47 /* Controller */,
				B61DF2392547D7190085751E /* Main.storyboard */,
				B61DF23C2547D71B0085751E /* Assets.xcassets */,
				B61DF23E2547D71B0085751E /* LaunchScreen.storyboard */,
				B61DF2412547D71B0085751E /* Info.plist */,
				B6D3EB1F2548665D00EEF95E /* GoogleService-Info.plist */,
				B6D3EB502548856100EEF95E /* Firebase */,
			);
			path = "Message App";
			sourceTree = "<group>";
		};
		B6D1BA7C2547DCEC00CECA47 /* Ultis */ = {
			isa = PBXGroup;
			children = (
				B6D1BA7D2547DD0400CECA47 /* Extensions.swift */,
				B6D1BA812547DD3C00CECA47 /* Constants.swift */,
			);
			path = Ultis;
			sourceTree = "<group>";
		};
		B6D1BA8A2548166D00CECA47 /* Controller */ = {
			isa = PBXGroup;
			children = (
				B61DF2372547D7190085751E /* LoginViewController.swift */,
				B6D1BA8B254816D200CECA47 /* SignUpViewController.swift */,
				B6D1BA8F254816E300CECA47 /* ForgotPasswordViewController.swift */,
			);
			path = Controller;
			sourceTree = "<group>";
		};
		B6D3EB502548856100EEF95E /* Firebase */ = {
			isa = PBXGroup;
			children = (
				B6D3EB4C2548855600EEF95E /* FirebaseCollectionReference.swift */,
				B6D3EB52254885CA00EEF95E /* FirebaseUserListener.swift */,
			);
			path = Firebase;
			sourceTree = "<group>";
		};
		B6D3EB562548884000EEF95E /* Models */ = {
			isa = PBXGroup;
			children = (
				B6D3EB572548887E00EEF95E /* User.swift */,
			);
			path = Models;
			sourceTree = "<group>";
		};
		F3FBC753AD5F61CF27EC1A0B /* Frameworks */ = {
			isa = PBXGroup;
			children = (
				2D721E4A1CEAD62446018A38 /* Pods_Message_App.framework */,
			);
			name = Frameworks;
			sourceTree = "<group>";
		};
/* End PBXGroup section */

/* Begin PBXNativeTarget section */
		B61DF22F2547D7190085751E /* Message App */ = {
			isa = PBXNativeTarget;
			buildConfigurationList = B61DF2442547D71B0085751E /* Build configuration list for PBXNativeTarget "Message App" */;
			buildPhases = (
				25896010C0C49C48E8E40FAB /* [CP] Check Pods Manifest.lock */,
				B61DF22C2547D7190085751E /* Sources */,
				B61DF22D2547D7190085751E /* Frameworks */,
				B61DF22E2547D7190085751E /* Resources */,
				AF9AEF7DFFB6A43C1FB6F76A /* [CP] Embed Pods Frameworks */,
				4E5269400C2E3B8BED98EF0E /* [CP] Copy Pods Resources */,
			);
			buildRules = (
			);
			dependencies = (
			);
			name = "Message App";
			productName = "Message App";
			productReference = B61DF2302547D7190085751E /* Message App.app */;
			productType = "com.apple.product-type.application";
		};
/* End PBXNativeTarget section */

/* Begin PBXProject section */
		B61DF2282547D7190085751E /* Project object */ = {
			isa = PBXProject;
			attributes = {
				LastSwiftUpdateCheck = 1210;
				LastUpgradeCheck = 1210;
				TargetAttributes = {
					B61DF22F2547D7190085751E = {
						CreatedOnToolsVersion = 12.1;
					};
				};
			};
			buildConfigurationList = B61DF22B2547D7190085751E /* Build configuration list for PBXProject "Message App" */;
			compatibilityVersion = "Xcode 9.3";
			developmentRegion = en;
			hasScannedForEncodings = 0;
			knownRegions = (
				en,
				Base,
			);
			mainGroup = B61DF2272547D7190085751E;
			productRefGroup = B61DF2312547D7190085751E /* Products */;
			projectDirPath = "";
			projectRoot = "";
			targets = (
				B61DF22F2547D7190085751E /* Message App */,
			);
		};
/* End PBXProject section */

/* Begin PBXResourcesBuildPhase section */
		B61DF22E2547D7190085751E /* Resources */ = {
			isa = PBXResourcesBuildPhase;
			buildActionMask = 2147483647;
			files = (
				B61DF2402547D71B0085751E /* LaunchScreen.storyboard in Resources */,
				B6D3EB202548665D00EEF95E /* GoogleService-Info.plist in Resources */,
				B61DF23D2547D71B0085751E /* Assets.xcassets in Resources */,
				B61DF23B2547D7190085751E /* Main.storyboard in Resources */,
			);
			runOnlyForDeploymentPostprocessing = 0;
		};
/* End PBXResourcesBuildPhase section */

/* Begin PBXShellScriptBuildPhase section */
		25896010C0C49C48E8E40FAB /* [CP] Check Pods Manifest.lock */ = {
			isa = PBXShellScriptBuildPhase;
			buildActionMask = 2147483647;
			files = (
			);
			inputFileListPaths = (
			);
			inputPaths = (
				"${PODS_PODFILE_DIR_PATH}/Podfile.lock",
				"${PODS_ROOT}/Manifest.lock",
			);
			name = "[CP] Check Pods Manifest.lock";
			outputFileListPaths = (
			);
			outputPaths = (
				"$(DERIVED_FILE_DIR)/Pods-Message App-checkManifestLockResult.txt",
			);
			runOnlyForDeploymentPostprocessing = 0;
			shellPath = /bin/sh;
			shellScript = "diff \"${PODS_PODFILE_DIR_PATH}/Podfile.lock\" \"${PODS_ROOT}/Manifest.lock\" > /dev/null\nif [ $? != 0 ] ; then\n    # print error to STDERR\n    echo \"error: The sandbox is not in sync with the Podfile.lock. Run 'pod install' or update your CocoaPods installation.\" >&2\n    exit 1\nfi\n# This output is used by Xcode 'outputs' to avoid re-running this script phase.\necho \"SUCCESS\" > \"${SCRIPT_OUTPUT_FILE_0}\"\n";
			showEnvVarsInLog = 0;
		};
		4E5269400C2E3B8BED98EF0E /* [CP] Copy Pods Resources */ = {
			isa = PBXShellScriptBuildPhase;
			buildActionMask = 2147483647;
			files = (
			);
			inputFileListPaths = (
				"${PODS_ROOT}/Target Support Files/Pods-Message App/Pods-Message App-resources-${CONFIGURATION}-input-files.xcfilelist",
			);
			name = "[CP] Copy Pods Resources";
			outputFileListPaths = (
				"${PODS_ROOT}/Target Support Files/Pods-Message App/Pods-Message App-resources-${CONFIGURATION}-output-files.xcfilelist",
			);
			runOnlyForDeploymentPostprocessing = 0;
			shellPath = /bin/sh;
			shellScript = "\"${PODS_ROOT}/Target Support Files/Pods-Message App/Pods-Message App-resources.sh\"\n";
			showEnvVarsInLog = 0;
		};
		AF9AEF7DFFB6A43C1FB6F76A /* [CP] Embed Pods Frameworks */ = {
			isa = PBXShellScriptBuildPhase;
			buildActionMask = 2147483647;
			files = (
			);
			inputFileListPaths = (
				"${PODS_ROOT}/Target Support Files/Pods-Message App/Pods-Message App-frameworks-${CONFIGURATION}-input-files.xcfilelist",
			);
			name = "[CP] Embed Pods Frameworks";
			outputFileListPaths = (
				"${PODS_ROOT}/Target Support Files/Pods-Message App/Pods-Message App-frameworks-${CONFIGURATION}-output-files.xcfilelist",
			);
			runOnlyForDeploymentPostprocessing = 0;
			shellPath = /bin/sh;
			shellScript = "\"${PODS_ROOT}/Target Support Files/Pods-Message App/Pods-Message App-frameworks.sh\"\n";
			showEnvVarsInLog = 0;
		};
/* End PBXShellScriptBuildPhase section */

/* Begin PBXSourcesBuildPhase section */
		B61DF22C2547D7190085751E /* Sources */ = {
			isa = PBXSourcesBuildPhase;
			buildActionMask = 2147483647;
			files = (
				B6D3EB4D2548855600EEF95E /* FirebaseCollectionReference.swift in Sources */,
				B6D1BA8C254816D200CECA47 /* SignUpViewController.swift in Sources */,
				B6D1BA90254816E300CECA47 /* ForgotPasswordViewController.swift in Sources */,
				B6D3EB53254885CA00EEF95E /* FirebaseUserListener.swift in Sources */,
				B6D1BA822547DD3C00CECA47 /* Constants.swift in Sources */,
				B61DF2382547D7190085751E /* LoginViewController.swift in Sources */,
				B61DF2342547D7190085751E /* AppDelegate.swift in Sources */,
				B61DF2362547D7190085751E /* SceneDelegate.swift in Sources */,
				B6D3EB582548887E00EEF95E /* User.swift in Sources */,
				B6D1BA7E2547DD0400CECA47 /* Extensions.swift in Sources */,
			);
			runOnlyForDeploymentPostprocessing = 0;
		};
/* End PBXSourcesBuildPhase section */

/* Begin PBXVariantGroup section */
		B61DF2392547D7190085751E /* Main.storyboard */ = {
			isa = PBXVariantGroup;
			children = (
				B61DF23A2547D7190085751E /* Base */,
			);
			name = Main.storyboard;
			sourceTree = "<group>";
		};
		B61DF23E2547D71B0085751E /* LaunchScreen.storyboard */ = {
			isa = PBXVariantGroup;
			children = (
				B61DF23F2547D71B0085751E /* Base */,
			);
			name = LaunchScreen.storyboard;
			sourceTree = "<group>";
		};
/* End PBXVariantGroup section */

/* Begin XCBuildConfiguration section */
		B61DF2422547D71B0085751E /* Debug */ = {
			isa = XCBuildConfiguration;
			buildSettings = {
				ALWAYS_SEARCH_USER_PATHS = NO;
				CLANG_ANALYZER_NONNULL = YES;
				CLANG_ANALYZER_NUMBER_OBJECT_CONVERSION = YES_AGGRESSIVE;
				CLANG_CXX_LANGUAGE_STANDARD = "gnu++14";
				CLANG_CXX_LIBRARY = "libc++";
				CLANG_ENABLE_MODULES = YES;
				CLANG_ENABLE_OBJC_ARC = YES;
				CLANG_ENABLE_OBJC_WEAK = YES;
				CLANG_WARN_BLOCK_CAPTURE_AUTORELEASING = YES;
				CLANG_WARN_BOOL_CONVERSION = YES;
				CLANG_WARN_COMMA = YES;
				CLANG_WARN_CONSTANT_CONVERSION = YES;
				CLANG_WARN_DEPRECATED_OBJC_IMPLEMENTATIONS = YES;
				CLANG_WARN_DIRECT_OBJC_ISA_USAGE = YES_ERROR;
				CLANG_WARN_DOCUMENTATION_COMMENTS = YES;
				CLANG_WARN_EMPTY_BODY = YES;
				CLANG_WARN_ENUM_CONVERSION = YES;
				CLANG_WARN_INFINITE_RECURSION = YES;
				CLANG_WARN_INT_CONVERSION = YES;
				CLANG_WARN_NON_LITERAL_NULL_CONVERSION = YES;
				CLANG_WARN_OBJC_IMPLICIT_RETAIN_SELF = YES;
				CLANG_WARN_OBJC_LITERAL_CONVERSION = YES;
				CLANG_WARN_OBJC_ROOT_CLASS = YES_ERROR;
				CLANG_WARN_QUOTED_INCLUDE_IN_FRAMEWORK_HEADER = YES;
				CLANG_WARN_RANGE_LOOP_ANALYSIS = YES;
				CLANG_WARN_STRICT_PROTOTYPES = YES;
				CLANG_WARN_SUSPICIOUS_MOVE = YES;
				CLANG_WARN_UNGUARDED_AVAILABILITY = YES_AGGRESSIVE;
				CLANG_WARN_UNREACHABLE_CODE = YES;
				CLANG_WARN__DUPLICATE_METHOD_MATCH = YES;
				COPY_PHASE_STRIP = NO;
				DEBUG_INFORMATION_FORMAT = dwarf;
				ENABLE_STRICT_OBJC_MSGSEND = YES;
				ENABLE_TESTABILITY = YES;
				GCC_C_LANGUAGE_STANDARD = gnu11;
				GCC_DYNAMIC_NO_PIC = NO;
				GCC_NO_COMMON_BLOCKS = YES;
				GCC_OPTIMIZATION_LEVEL = 0;
				GCC_PREPROCESSOR_DEFINITIONS = (
					"DEBUG=1",
					"$(inherited)",
				);
				GCC_WARN_64_TO_32_BIT_CONVERSION = YES;
				GCC_WARN_ABOUT_RETURN_TYPE = YES_ERROR;
				GCC_WARN_UNDECLARED_SELECTOR = YES;
				GCC_WARN_UNINITIALIZED_AUTOS = YES_AGGRESSIVE;
				GCC_WARN_UNUSED_FUNCTION = YES;
				GCC_WARN_UNUSED_VARIABLE = YES;
				IPHONEOS_DEPLOYMENT_TARGET = 14.1;
				MTL_ENABLE_DEBUG_INFO = INCLUDE_SOURCE;
				MTL_FAST_MATH = YES;
				ONLY_ACTIVE_ARCH = YES;
				SDKROOT = iphoneos;
				SWIFT_ACTIVE_COMPILATION_CONDITIONS = DEBUG;
				SWIFT_OPTIMIZATION_LEVEL = "-Onone";
			};
			name = Debug;
		};
		B61DF2432547D71B0085751E /* Release */ = {
			isa = XCBuildConfiguration;
			buildSettings = {
				ALWAYS_SEARCH_USER_PATHS = NO;
				CLANG_ANALYZER_NONNULL = YES;
				CLANG_ANALYZER_NUMBER_OBJECT_CONVERSION = YES_AGGRESSIVE;
				CLANG_CXX_LANGUAGE_STANDARD = "gnu++14";
				CLANG_CXX_LIBRARY = "libc++";
				CLANG_ENABLE_MODULES = YES;
				CLANG_ENABLE_OBJC_ARC = YES;
				CLANG_ENABLE_OBJC_WEAK = YES;
				CLANG_WARN_BLOCK_CAPTURE_AUTORELEASING = YES;
				CLANG_WARN_BOOL_CONVERSION = YES;
				CLANG_WARN_COMMA = YES;
				CLANG_WARN_CONSTANT_CONVERSION = YES;
				CLANG_WARN_DEPRECATED_OBJC_IMPLEMENTATIONS = YES;
				CLANG_WARN_DIRECT_OBJC_ISA_USAGE = YES_ERROR;
				CLANG_WARN_DOCUMENTATION_COMMENTS = YES;
				CLANG_WARN_EMPTY_BODY = YES;
				CLANG_WARN_ENUM_CONVERSION = YES;
				CLANG_WARN_INFINITE_RECURSION = YES;
				CLANG_WARN_INT_CONVERSION = YES;
				CLANG_WARN_NON_LITERAL_NULL_CONVERSION = YES;
				CLANG_WARN_OBJC_IMPLICIT_RETAIN_SELF = YES;
				CLANG_WARN_OBJC_LITERAL_CONVERSION = YES;
				CLANG_WARN_OBJC_ROOT_CLASS = YES_ERROR;
				CLANG_WARN_QUOTED_INCLUDE_IN_FRAMEWORK_HEADER = YES;
				CLANG_WARN_RANGE_LOOP_ANALYSIS = YES;
				CLANG_WARN_STRICT_PROTOTYPES = YES;
				CLANG_WARN_SUSPICIOUS_MOVE = YES;
				CLANG_WARN_UNGUARDED_AVAILABILITY = YES_AGGRESSIVE;
				CLANG_WARN_UNREACHABLE_CODE = YES;
				CLANG_WARN__DUPLICATE_METHOD_MATCH = YES;
				COPY_PHASE_STRIP = NO;
				DEBUG_INFORMATION_FORMAT = "dwarf-with-dsym";
				ENABLE_NS_ASSERTIONS = NO;
				ENABLE_STRICT_OBJC_MSGSEND = YES;
				GCC_C_LANGUAGE_STANDARD = gnu11;
				GCC_NO_COMMON_BLOCKS = YES;
				GCC_WARN_64_TO_32_BIT_CONVERSION = YES;
				GCC_WARN_ABOUT_RETURN_TYPE = YES_ERROR;
				GCC_WARN_UNDECLARED_SELECTOR = YES;
				GCC_WARN_UNINITIALIZED_AUTOS = YES_AGGRESSIVE;
				GCC_WARN_UNUSED_FUNCTION = YES;
				GCC_WARN_UNUSED_VARIABLE = YES;
				IPHONEOS_DEPLOYMENT_TARGET = 14.1;
				MTL_ENABLE_DEBUG_INFO = NO;
				MTL_FAST_MATH = YES;
				SDKROOT = iphoneos;
				SWIFT_COMPILATION_MODE = wholemodule;
				SWIFT_OPTIMIZATION_LEVEL = "-O";
				VALIDATE_PRODUCT = YES;
			};
			name = Release;
		};
		B61DF2452547D71B0085751E /* Debug */ = {
			isa = XCBuildConfiguration;
			baseConfigurationReference = AC2E867B87B7E6F05BEA1317 /* Pods-Message App.debug.xcconfig */;
			buildSettings = {
				ASSETCATALOG_COMPILER_APPICON_NAME = AppIcon;
				ASSETCATALOG_COMPILER_GLOBAL_ACCENT_COLOR_NAME = AccentColor;
				CODE_SIGN_STYLE = Automatic;
				DEVELOPMENT_TEAM = 3JRCZ9PVD2;
				INFOPLIST_FILE = "Message App/Info.plist";
				LD_RUNPATH_SEARCH_PATHS = (
					"$(inherited)",
					"@executable_path/Frameworks",
				);
				PRODUCT_BUNDLE_IDENTIFIER = "com.huyquocnguyen1902.Message-App";
				PRODUCT_NAME = "$(TARGET_NAME)";
				SWIFT_VERSION = 5.0;
				TARGETED_DEVICE_FAMILY = 1;
			};
			name = Debug;
		};
		B61DF2462547D71B0085751E /* Release */ = {
			isa = XCBuildConfiguration;
			baseConfigurationReference = 527F7BBA47B5B9D1A9B19295 /* Pods-Message App.release.xcconfig */;
			buildSettings = {
				ASSETCATALOG_COMPILER_APPICON_NAME = AppIcon;
				ASSETCATALOG_COMPILER_GLOBAL_ACCENT_COLOR_NAME = AccentColor;
				CODE_SIGN_STYLE = Automatic;
				DEVELOPMENT_TEAM = 3JRCZ9PVD2;
				INFOPLIST_FILE = "Message App/Info.plist";
				LD_RUNPATH_SEARCH_PATHS = (
					"$(inherited)",
					"@executable_path/Frameworks",
				);
				PRODUCT_BUNDLE_IDENTIFIER = "com.huyquocnguyen1902.Message-App";
				PRODUCT_NAME = "$(TARGET_NAME)";
				SWIFT_VERSION = 5.0;
				TARGETED_DEVICE_FAMILY = 1;
			};
			name = Release;
		};
/* End XCBuildConfiguration section */

/* Begin XCConfigurationList section */
		B61DF22B2547D7190085751E /* Build configuration list for PBXProject "Message App" */ = {
			isa = XCConfigurationList;
			buildConfigurations = (
				B61DF2422547D71B0085751E /* Debug */,
				B61DF2432547D71B0085751E /* Release */,
			);
			defaultConfigurationIsVisible = 0;
			defaultConfigurationName = Release;
		};
		B61DF2442547D71B0085751E /* Build configuration list for PBXNativeTarget "Message App" */ = {
			isa = XCConfigurationList;
			buildConfigurations = (
				B61DF2452547D71B0085751E /* Debug */,
				B61DF2462547D71B0085751E /* Release */,
			);
			defaultConfigurationIsVisible = 0;
			defaultConfigurationName = Release;
		};
/* End XCConfigurationList section */
	};
	rootObject = B61DF2282547D7190085751E /* Project object */;
}
